
Microsoft Visual Studio Solution File, Format Version 12.00
# Visual Studio 2013
VisualStudioVersion = 12.0.40629.0
MinimumVisualStudioVersion = 10.0.40219.1
Project("{2150E333-8FDC-42A3-9474-1A3956D46DE8}") = "Solution Items", "Solution Items", "{3F819FEC-1513-4B86-9C36-716C78DF9A9A}"
	ProjectSection(SolutionItems) = preProject
		AsposeWords1.vsmdi = AsposeWords1.vsmdi
		Local.testsettings = Local.testsettings
		TraceAndTestImpact.testsettings = TraceAndTestImpact.testsettings
	EndProjectSection
EndProject
Project("{FAE04EC0-301F-11D3-BF4B-00C04F79EFBC}") = "Aspose.Words.Cloud.Sdk", "Aspose.Words.Cloud.Sdk\Aspose.Words.Cloud.Sdk.csproj", "{13284D1A-8B08-469A-A58B-5C94B92C68E7}"
EndProject
Project("{FAE04EC0-301F-11D3-BF4B-00C04F79EFBC}") = "Aspose.Words.Cloud.Sdk.Tests", "Aspose.Words.Cloud.Sdk.Tests\Aspose.Words.Cloud.Sdk.Tests.csproj", "{FCFE1F60-DB73-4F3F-853A-FBADCC5E994B}"
EndProject
Project("{2150E333-8FDC-42A3-9474-1A3956D46DE8}") = ".nuget", ".nuget", "{98322D5D-AC84-4BA5-94DC-5FB1B651046F}"
	ProjectSection(SolutionItems) = preProject
		.nuget\NuGet.Config = .nuget\NuGet.Config
		.nuget\NuGet.exe = .nuget\NuGet.exe
		.nuget\NuGet.targets = .nuget\NuGet.targets
	EndProjectSection
EndProject
Project("{FAE04EC0-301F-11D3-BF4B-00C04F79EFBC}") = "Aspose.Words.Cloud.Sdk.BddTests", "Aspose.Words.Cloud.Sdk.BddTests\Aspose.Words.Cloud.Sdk.BddTests.csproj", "{C1DB5D37-FA22-431D-8D24-6D4CF6385959}"
EndProject
Global
	GlobalSection(SolutionConfigurationPlatforms) = preSolution
		Debug|Any CPU = Debug|Any CPU
		Debug|Mixed Platforms = Debug|Mixed Platforms
		Debug|x86 = Debug|x86
		Release|Any CPU = Release|Any CPU
		Release|Mixed Platforms = Release|Mixed Platforms
		Release|x86 = Release|x86
	EndGlobalSection
	GlobalSection(ProjectConfigurationPlatforms) = postSolution
		{13284D1A-8B08-469A-A58B-5C94B92C68E7}.Debug|Any CPU.ActiveCfg = Debug|x86
		{13284D1A-8B08-469A-A58B-5C94B92C68E7}.Debug|Mixed Platforms.ActiveCfg = Debug|Any CPU
		{13284D1A-8B08-469A-A58B-5C94B92C68E7}.Debug|Mixed Platforms.Build.0 = Debug|Any CPU
		{13284D1A-8B08-469A-A58B-5C94B92C68E7}.Debug|x86.ActiveCfg = Debug|x86
		{13284D1A-8B08-469A-A58B-5C94B92C68E7}.Debug|x86.Build.0 = Debug|x86
		{13284D1A-8B08-469A-A58B-5C94B92C68E7}.Release|Any CPU.ActiveCfg = Release|x86
		{13284D1A-8B08-469A-A58B-5C94B92C68E7}.Release|Mixed Platforms.ActiveCfg = Release|Any CPU
		{13284D1A-8B08-469A-A58B-5C94B92C68E7}.Release|Mixed Platforms.Build.0 = Release|Any CPU
		{13284D1A-8B08-469A-A58B-5C94B92C68E7}.Release|x86.ActiveCfg = Release|x86
		{13284D1A-8B08-469A-A58B-5C94B92C68E7}.Release|x86.Build.0 = Release|x86
		{FCFE1F60-DB73-4F3F-853A-FBADCC5E994B}.Debug|Any CPU.ActiveCfg = Debug|Any CPU
		{FCFE1F60-DB73-4F3F-853A-FBADCC5E994B}.Debug|Any CPU.Build.0 = Debug|Any CPU
		{FCFE1F60-DB73-4F3F-853A-FBADCC5E994B}.Debug|Mixed Platforms.ActiveCfg = Debug|Any CPU
		{FCFE1F60-DB73-4F3F-853A-FBADCC5E994B}.Debug|Mixed Platforms.Build.0 = Debug|Any CPU
		{FCFE1F60-DB73-4F3F-853A-FBADCC5E994B}.Debug|x86.ActiveCfg = Debug|Any CPU
		{FCFE1F60-DB73-4F3F-853A-FBADCC5E994B}.Release|Any CPU.ActiveCfg = Release|Any CPU
		{FCFE1F60-DB73-4F3F-853A-FBADCC5E994B}.Release|Any CPU.Build.0 = Release|Any CPU
		{FCFE1F60-DB73-4F3F-853A-FBADCC5E994B}.Release|Mixed Platforms.ActiveCfg = Release|Any CPU
		{FCFE1F60-DB73-4F3F-853A-FBADCC5E994B}.Release|Mixed Platforms.Build.0 = Release|Any CPU
		{FCFE1F60-DB73-4F3F-853A-FBADCC5E994B}.Release|x86.ActiveCfg = Release|Any CPU
		{C1DB5D37-FA22-431D-8D24-6D4CF6385959}.Debug|Any CPU.ActiveCfg = Debug|Any CPU
		{C1DB5D37-FA22-431D-8D24-6D4CF6385959}.Debug|Any CPU.Build.0 = Debug|Any CPU
		{C1DB5D37-FA22-431D-8D24-6D4CF6385959}.Debug|Mixed Platforms.ActiveCfg = Debug|Any CPU
		{C1DB5D37-FA22-431D-8D24-6D4CF6385959}.Debug|Mixed Platforms.Build.0 = Debug|Any CPU
		{C1DB5D37-FA22-431D-8D24-6D4CF6385959}.Debug|x86.ActiveCfg = Debug|Any CPU
		{C1DB5D37-FA22-431D-8D24-6D4CF6385959}.Debug|x86.Build.0 = Debug|Any CPU
		{C1DB5D37-FA22-431D-8D24-6D4CF6385959}.Release|Any CPU.ActiveCfg = Release|Any CPU
		{C1DB5D37-FA22-431D-8D24-6D4CF6385959}.Release|Any CPU.Build.0 = Release|Any CPU
		{C1DB5D37-FA22-431D-8D24-6D4CF6385959}.Release|Mixed Platforms.ActiveCfg = Release|Any CPU
		{C1DB5D37-FA22-431D-8D24-6D4CF6385959}.Release|Mixed Platforms.Build.0 = Release|Any CPU
		{C1DB5D37-FA22-431D-8D24-6D4CF6385959}.Release|x86.ActiveCfg = Release|Any CPU
		{C1DB5D37-FA22-431D-8D24-6D4CF6385959}.Release|x86.Build.0 = Release|Any CPU
	EndGlobalSection
	GlobalSection(SolutionProperties) = preSolution
		HideSolutionNode = FALSE
	EndGlobalSection
EndGlobal
